
Microsoft Visual Studio Solution File, Format Version 12.00
# Visual Studio Version 17
VisualStudioVersion = 17.6.33723.286
MinimumVisualStudioVersion = 10.0.40219.1
Project("{FAE04EC0-301F-11D3-BF4B-00C04F79EFBC}") = "RazorPagesVideo", "RazorPagesVideo\RazorPagesVideo.csproj", "{A30E7D75-D413-41EA-B660-AA82A2429FAC}"
EndProject
Global
	GlobalSection(SolutionConfigurationPlatforms) = preSolution
		Debug|Any CPU = Debug|Any CPU
		Release|Any CPU = Release|Any CPU
	EndGlobalSection
	GlobalSection(ProjectConfigurationPlatforms) = postSolution
		{A30E7D75-D413-41EA-B660-AA82A2429FAC}.Debug|Any CPU.ActiveCfg = Debug|Any CPU
		{A30E7D75-D413-41EA-B660-AA82A2429FAC}.Debug|Any CPU.Build.0 = Debug|Any CPU
		{A30E7D75-D413-41EA-B660-AA82A2429FAC}.Release|Any CPU.ActiveCfg = Release|Any CPU
		{A30E7D75-D413-41EA-B660-AA82A2429FAC}.Release|Any CPU.Build.0 = Release|Any CPU
	EndGlobalSection
	GlobalSection(SolutionProperties) = preSolution
		HideSolutionNode = FALSE
	EndGlobalSection
	GlobalSection(ExtensibilityGlobals) = postSolution
		SolutionGuid = {23569B4F-637E-45C2-8BEB-276B8B7BD727}
	EndGlobalSection
EndGlobal
